// !$*UTF8*$!
{
	archiveVersion = 1;
	classes = {
	};
	objectVersion = 56;
	objects = {

/* Begin PBXBuildFile section */
		8BDD14F92B633650003677A7 /* AppDelegate.swift in Sources */ = {isa = PBXBuildFile; fileRef = 8BDD14F82B633650003677A7 /* AppDelegate.swift */; };
		8BDD14FB2B633650003677A7 /* SceneDelegate.swift in Sources */ = {isa = PBXBuildFile; fileRef = 8BDD14FA2B633650003677A7 /* SceneDelegate.swift */; };
		8BDD15032B633650003677A7 /* MVVM_Coordinator_Template.xcdatamodeld in Sources */ = {isa = PBXBuildFile; fileRef = 8BDD15012B633650003677A7 /* MVVM_Coordinator_Template.xcdatamodeld */; };
		8BDD15052B633651003677A7 /* Assets.xcassets in Resources */ = {isa = PBXBuildFile; fileRef = 8BDD15042B633651003677A7 /* Assets.xcassets */; };
		8BDD15082B633651003677A7 /* LaunchScreen.storyboard in Resources */ = {isa = PBXBuildFile; fileRef = 8BDD15062B633651003677A7 /* LaunchScreen.storyboard */; };
		8BDD15112B63387F003677A7 /* Movie.swift in Sources */ = {isa = PBXBuildFile; fileRef = 8BDD15102B63387F003677A7 /* Movie.swift */; };
		8BDD15132B6338BC003677A7 /* MovieDetail.swift in Sources */ = {isa = PBXBuildFile; fileRef = 8BDD15122B6338BC003677A7 /* MovieDetail.swift */; };
		8BDD15162B633904003677A7 /* AppEnvironment.swift in Sources */ = {isa = PBXBuildFile; fileRef = 8BDD15152B633904003677A7 /* AppEnvironment.swift */; };
		8BDD15182B633B2F003677A7 /* AppUserDefault.swift in Sources */ = {isa = PBXBuildFile; fileRef = 8BDD15172B633B2F003677A7 /* AppUserDefault.swift */; };
		8BDD15292B633DA5003677A7 /* ParameterEncoder.swift in Sources */ = {isa = PBXBuildFile; fileRef = 8BDD151B2B633DA5003677A7 /* ParameterEncoder.swift */; };
		8BDD152A2B633DA5003677A7 /* MTCache.swift in Sources */ = {isa = PBXBuildFile; fileRef = 8BDD151C2B633DA5003677A7 /* MTCache.swift */; };
		8BDD152B2B633DA5003677A7 /* NetworkService.swift in Sources */ = {isa = PBXBuildFile; fileRef = 8BDD151D2B633DA5003677A7 /* NetworkService.swift */; };
		8BDD152C2B633DA5003677A7 /* MovieClient.swift in Sources */ = {isa = PBXBuildFile; fileRef = 8BDD151F2B633DA5003677A7 /* MovieClient.swift */; };
		8BDD152E2B633DA5003677A7 /* ImageClient.swift in Sources */ = {isa = PBXBuildFile; fileRef = 8BDD15212B633DA5003677A7 /* ImageClient.swift */; };
		8BDD152F2B633DA5003677A7 /* MTError.swift in Sources */ = {isa = PBXBuildFile; fileRef = 8BDD15222B633DA5003677A7 /* MTError.swift */; };
		8BDD15302B633DA5003677A7 /* MovieDetailEndPoint.swift in Sources */ = {isa = PBXBuildFile; fileRef = 8BDD15242B633DA5003677A7 /* MovieDetailEndPoint.swift */; };
		8BDD15322B633DA5003677A7 /* ImageEndPoint.swift in Sources */ = {isa = PBXBuildFile; fileRef = 8BDD15262B633DA5003677A7 /* ImageEndPoint.swift */; };
		8BDD15332B633DA5003677A7 /* MovieListEndPoint.swift in Sources */ = {isa = PBXBuildFile; fileRef = 8BDD15272B633DA5003677A7 /* MovieListEndPoint.swift */; };
		8BDD15342B633DA5003677A7 /* EndPointType.swift in Sources */ = {isa = PBXBuildFile; fileRef = 8BDD15282B633DA5003677A7 /* EndPointType.swift */; };
		8BDD15382B633EE5003677A7 /* JSONDecoder.swift in Sources */ = {isa = PBXBuildFile; fileRef = 8BDD15362B633EE5003677A7 /* JSONDecoder.swift */; };
		8BDD15392B633EE5003677A7 /* DateFormatter.swift in Sources */ = {isa = PBXBuildFile; fileRef = 8BDD15372B633EE5003677A7 /* DateFormatter.swift */; };
		8BDD15402B63401E003677A7 /* Coordinating.swift in Sources */ = {isa = PBXBuildFile; fileRef = 8BDD153B2B63401E003677A7 /* Coordinating.swift */; };
		8BDD15412B63401E003677A7 /* CoordinatingResponder-Extensions.swift in Sources */ = {isa = PBXBuildFile; fileRef = 8BDD153C2B63401E003677A7 /* CoordinatingResponder-Extensions.swift */; };
		8BDD15422B63401E003677A7 /* NavigationCoordinator.swift in Sources */ = {isa = PBXBuildFile; fileRef = 8BDD153D2B63401E003677A7 /* NavigationCoordinator.swift */; };
		8BDD15432B63401E003677A7 /* Coordinator.swift in Sources */ = {isa = PBXBuildFile; fileRef = 8BDD153E2B63401E003677A7 /* Coordinator.swift */; };
		8BDD15442B63401E003677A7 /* UIKit-CoordinatingExtensions.swift in Sources */ = {isa = PBXBuildFile; fileRef = 8BDD153F2B63401E003677A7 /* UIKit-CoordinatingExtensions.swift */; };
		8BDD15612B634080003677A7 /* MoviesCoordinator.swift in Sources */ = {isa = PBXBuildFile; fileRef = 8BDD15472B634080003677A7 /* MoviesCoordinator.swift */; };
		8BDD15622B634080003677A7 /* MovieListViewModel.swift in Sources */ = {isa = PBXBuildFile; fileRef = 8BDD15492B634080003677A7 /* MovieListViewModel.swift */; };
		8BDD15632B634080003677A7 /* MovieListViewController.swift in Sources */ = {isa = PBXBuildFile; fileRef = 8BDD154A2B634080003677A7 /* MovieListViewController.swift */; };
		8BDD15642B634080003677A7 /* MovieListFooterView.swift in Sources */ = {isa = PBXBuildFile; fileRef = 8BDD154C2B634080003677A7 /* MovieListFooterView.swift */; };
		8BDD15652B634080003677A7 /* MovieListCellView.swift in Sources */ = {isa = PBXBuildFile; fileRef = 8BDD154D2B634080003677A7 /* MovieListCellView.swift */; };
		8BDD15662B634080003677A7 /* MovieListCellViewModel.swift in Sources */ = {isa = PBXBuildFile; fileRef = 8BDD154E2B634080003677A7 /* MovieListCellViewModel.swift */; };
		8BDD15672B634080003677A7 /* MovieTableViewModel.swift in Sources */ = {isa = PBXBuildFile; fileRef = 8BDD15502B634080003677A7 /* MovieTableViewModel.swift */; };
		8BDD15682B634080003677A7 /* MovieTableViewController.swift in Sources */ = {isa = PBXBuildFile; fileRef = 8BDD15512B634080003677A7 /* MovieTableViewController.swift */; };
		8BDD15692B634080003677A7 /* MoviesTableFooterView.swift in Sources */ = {isa = PBXBuildFile; fileRef = 8BDD15532B634080003677A7 /* MoviesTableFooterView.swift */; };
		8BDD156A2B634080003677A7 /* MovieCellView.swift in Sources */ = {isa = PBXBuildFile; fileRef = 8BDD15542B634080003677A7 /* MovieCellView.swift */; };
		8BDD156B2B634080003677A7 /* MovieTableViewCell.swift in Sources */ = {isa = PBXBuildFile; fileRef = 8BDD15552B634080003677A7 /* MovieTableViewCell.swift */; };
		8BDD156C2B634080003677A7 /* MovieTableCoordinator.swift in Sources */ = {isa = PBXBuildFile; fileRef = 8BDD15562B634080003677A7 /* MovieTableCoordinator.swift */; };
		8BDD156D2B634080003677A7 /* MovieDetailViewModel.swift in Sources */ = {isa = PBXBuildFile; fileRef = 8BDD15582B634080003677A7 /* MovieDetailViewModel.swift */; };
		8BDD156E2B634080003677A7 /* MovieDetaiView.swift in Sources */ = {isa = PBXBuildFile; fileRef = 8BDD15592B634080003677A7 /* MovieDetaiView.swift */; };
		8BDD156F2B634080003677A7 /* MainCoordinator.swift in Sources */ = {isa = PBXBuildFile; fileRef = 8BDD155B2B634080003677A7 /* MainCoordinator.swift */; };
		8BDD15702B634080003677A7 /* OrdersViewController.swift in Sources */ = {isa = PBXBuildFile; fileRef = 8BDD155D2B634080003677A7 /* OrdersViewController.swift */; };
		8BDD15712B634080003677A7 /* OrdersCoordinator.swift in Sources */ = {isa = PBXBuildFile; fileRef = 8BDD155E2B634080003677A7 /* OrdersCoordinator.swift */; };
		8BDD15722B634080003677A7 /* Orders3ViewController.swift in Sources */ = {isa = PBXBuildFile; fileRef = 8BDD155F2B634080003677A7 /* Orders3ViewController.swift */; };
		8BDD15732B634080003677A7 /* Orders2ViewController.swift in Sources */ = {isa = PBXBuildFile; fileRef = 8BDD15602B634080003677A7 /* Orders2ViewController.swift */; };
		8BDD157C2B6340BD003677A7 /* PosterStyle.swift in Sources */ = {isa = PBXBuildFile; fileRef = 8BDD15762B6340BD003677A7 /* PosterStyle.swift */; };
		8BDD157D2B6340BD003677A7 /* MoviePosterImageViewModel.swift in Sources */ = {isa = PBXBuildFile; fileRef = 8BDD15792B6340BD003677A7 /* MoviePosterImageViewModel.swift */; };
		8BDD157E2B6340BD003677A7 /* MoviePosterImage.swift in Sources */ = {isa = PBXBuildFile; fileRef = 8BDD157A2B6340BD003677A7 /* MoviePosterImage.swift */; };
		8BDD157F2B6340BD003677A7 /* PopularityBadge.swift in Sources */ = {isa = PBXBuildFile; fileRef = 8BDD157B2B6340BD003677A7 /* PopularityBadge.swift */; };
		8BDD15872B634B4A003677A7 /* MVVM_Coordinator_TemplateTests.swift in Sources */ = {isa = PBXBuildFile; fileRef = 8BDD15862B634B4A003677A7 /* MVVM_Coordinator_TemplateTests.swift */; };
		8BDD158E2B634B6B003677A7 /* MockNetworkService.swift in Sources */ = {isa = PBXBuildFile; fileRef = 8BDD158D2B634B6B003677A7 /* MockNetworkService.swift */; };
/* End PBXBuildFile section */

/* Begin PBXContainerItemProxy section */
		8BDD15882B634B4A003677A7 /* PBXContainerItemProxy */ = {
			isa = PBXContainerItemProxy;
			containerPortal = 8BDD14ED2B633650003677A7 /* Project object */;
			proxyType = 1;
			remoteGlobalIDString = 8BDD14F42B633650003677A7;
			remoteInfo = MVVM_Coordinator_Template;
		};
/* End PBXContainerItemProxy section */

/* Begin PBXFileReference section */
		8BDD14F52B633650003677A7 /* MVVM_Coordinator_Template.app */ = {isa = PBXFileReference; explicitFileType = wrapper.application; includeInIndex = 0; path = MVVM_Coordinator_Template.app; sourceTree = BUILT_PRODUCTS_DIR; };
		8BDD14F82B633650003677A7 /* AppDelegate.swift */ = {isa = PBXFileReference; lastKnownFileType = sourcecode.swift; path = AppDelegate.swift; sourceTree = "<group>"; };
		8BDD14FA2B633650003677A7 /* SceneDelegate.swift */ = {isa = PBXFileReference; lastKnownFileType = sourcecode.swift; path = SceneDelegate.swift; sourceTree = "<group>"; };
		8BDD15022B633650003677A7 /* MVVM_Coordinator_Template.xcdatamodel */ = {isa = PBXFileReference; lastKnownFileType = wrapper.xcdatamodel; path = MVVM_Coordinator_Template.xcdatamodel; sourceTree = "<group>"; };
		8BDD15042B633651003677A7 /* Assets.xcassets */ = {isa = PBXFileReference; lastKnownFileType = folder.assetcatalog; path = Assets.xcassets; sourceTree = "<group>"; };
		8BDD15072B633651003677A7 /* Base */ = {isa = PBXFileReference; lastKnownFileType = file.storyboard; name = Base; path = Base.lproj/LaunchScreen.storyboard; sourceTree = "<group>"; };
		8BDD15092B633651003677A7 /* Info.plist */ = {isa = PBXFileReference; lastKnownFileType = text.plist.xml; path = Info.plist; sourceTree = "<group>"; };
		8BDD15102B63387F003677A7 /* Movie.swift */ = {isa = PBXFileReference; lastKnownFileType = sourcecode.swift; path = Movie.swift; sourceTree = "<group>"; };
		8BDD15122B6338BC003677A7 /* MovieDetail.swift */ = {isa = PBXFileReference; lastKnownFileType = sourcecode.swift; path = MovieDetail.swift; sourceTree = "<group>"; };
		8BDD15152B633904003677A7 /* AppEnvironment.swift */ = {isa = PBXFileReference; lastKnownFileType = sourcecode.swift; path = AppEnvironment.swift; sourceTree = "<group>"; };
		8BDD15172B633B2F003677A7 /* AppUserDefault.swift */ = {isa = PBXFileReference; lastKnownFileType = sourcecode.swift; path = AppUserDefault.swift; sourceTree = "<group>"; };
		8BDD151B2B633DA5003677A7 /* ParameterEncoder.swift */ = {isa = PBXFileReference; fileEncoding = 4; lastKnownFileType = sourcecode.swift; path = ParameterEncoder.swift; sourceTree = "<group>"; };
		8BDD151C2B633DA5003677A7 /* MTCache.swift */ = {isa = PBXFileReference; fileEncoding = 4; lastKnownFileType = sourcecode.swift; path = MTCache.swift; sourceTree = "<group>"; };
		8BDD151D2B633DA5003677A7 /* NetworkService.swift */ = {isa = PBXFileReference; fileEncoding = 4; lastKnownFileType = sourcecode.swift; path = NetworkService.swift; sourceTree = "<group>"; };
		8BDD151F2B633DA5003677A7 /* MovieClient.swift */ = {isa = PBXFileReference; fileEncoding = 4; lastKnownFileType = sourcecode.swift; path = MovieClient.swift; sourceTree = "<group>"; };
		8BDD15212B633DA5003677A7 /* ImageClient.swift */ = {isa = PBXFileReference; fileEncoding = 4; lastKnownFileType = sourcecode.swift; path = ImageClient.swift; sourceTree = "<group>"; };
		8BDD15222B633DA5003677A7 /* MTError.swift */ = {isa = PBXFileReference; fileEncoding = 4; lastKnownFileType = sourcecode.swift; path = MTError.swift; sourceTree = "<group>"; };
		8BDD15242B633DA5003677A7 /* MovieDetailEndPoint.swift */ = {isa = PBXFileReference; fileEncoding = 4; lastKnownFileType = sourcecode.swift; path = MovieDetailEndPoint.swift; sourceTree = "<group>"; };
		8BDD15262B633DA5003677A7 /* ImageEndPoint.swift */ = {isa = PBXFileReference; fileEncoding = 4; lastKnownFileType = sourcecode.swift; path = ImageEndPoint.swift; sourceTree = "<group>"; };
		8BDD15272B633DA5003677A7 /* MovieListEndPoint.swift */ = {isa = PBXFileReference; fileEncoding = 4; lastKnownFileType = sourcecode.swift; path = MovieListEndPoint.swift; sourceTree = "<group>"; };
		8BDD15282B633DA5003677A7 /* EndPointType.swift */ = {isa = PBXFileReference; fileEncoding = 4; lastKnownFileType = sourcecode.swift; path = EndPointType.swift; sourceTree = "<group>"; };
		8BDD15362B633EE5003677A7 /* JSONDecoder.swift */ = {isa = PBXFileReference; fileEncoding = 4; lastKnownFileType = sourcecode.swift; path = JSONDecoder.swift; sourceTree = "<group>"; };
		8BDD15372B633EE5003677A7 /* DateFormatter.swift */ = {isa = PBXFileReference; fileEncoding = 4; lastKnownFileType = sourcecode.swift; path = DateFormatter.swift; sourceTree = "<group>"; };
		8BDD153B2B63401E003677A7 /* Coordinating.swift */ = {isa = PBXFileReference; fileEncoding = 4; lastKnownFileType = sourcecode.swift; path = Coordinating.swift; sourceTree = "<group>"; };
		8BDD153C2B63401E003677A7 /* CoordinatingResponder-Extensions.swift */ = {isa = PBXFileReference; fileEncoding = 4; lastKnownFileType = sourcecode.swift; path = "CoordinatingResponder-Extensions.swift"; sourceTree = "<group>"; };
		8BDD153D2B63401E003677A7 /* NavigationCoordinator.swift */ = {isa = PBXFileReference; fileEncoding = 4; lastKnownFileType = sourcecode.swift; path = NavigationCoordinator.swift; sourceTree = "<group>"; };
		8BDD153E2B63401E003677A7 /* Coordinator.swift */ = {isa = PBXFileReference; fileEncoding = 4; lastKnownFileType = sourcecode.swift; path = Coordinator.swift; sourceTree = "<group>"; };
		8BDD153F2B63401E003677A7 /* UIKit-CoordinatingExtensions.swift */ = {isa = PBXFileReference; fileEncoding = 4; lastKnownFileType = sourcecode.swift; path = "UIKit-CoordinatingExtensions.swift"; sourceTree = "<group>"; };
		8BDD15472B634080003677A7 /* MoviesCoordinator.swift */ = {isa = PBXFileReference; fileEncoding = 4; lastKnownFileType = sourcecode.swift; path = MoviesCoordinator.swift; sourceTree = "<group>"; };
		8BDD15492B634080003677A7 /* MovieListViewModel.swift */ = {isa = PBXFileReference; fileEncoding = 4; lastKnownFileType = sourcecode.swift; path = MovieListViewModel.swift; sourceTree = "<group>"; };
		8BDD154A2B634080003677A7 /* MovieListViewController.swift */ = {isa = PBXFileReference; fileEncoding = 4; lastKnownFileType = sourcecode.swift; path = MovieListViewController.swift; sourceTree = "<group>"; };
		8BDD154C2B634080003677A7 /* MovieListFooterView.swift */ = {isa = PBXFileReference; fileEncoding = 4; lastKnownFileType = sourcecode.swift; path = MovieListFooterView.swift; sourceTree = "<group>"; };
		8BDD154D2B634080003677A7 /* MovieListCellView.swift */ = {isa = PBXFileReference; fileEncoding = 4; lastKnownFileType = sourcecode.swift; path = MovieListCellView.swift; sourceTree = "<group>"; };
		8BDD154E2B634080003677A7 /* MovieListCellViewModel.swift */ = {isa = PBXFileReference; fileEncoding = 4; lastKnownFileType = sourcecode.swift; path = MovieListCellViewModel.swift; sourceTree = "<group>"; };
		8BDD15502B634080003677A7 /* MovieTableViewModel.swift */ = {isa = PBXFileReference; fileEncoding = 4; lastKnownFileType = sourcecode.swift; path = MovieTableViewModel.swift; sourceTree = "<group>"; };
		8BDD15512B634080003677A7 /* MovieTableViewController.swift */ = {isa = PBXFileReference; fileEncoding = 4; lastKnownFileType = sourcecode.swift; path = MovieTableViewController.swift; sourceTree = "<group>"; };
		8BDD15532B634080003677A7 /* MoviesTableFooterView.swift */ = {isa = PBXFileReference; fileEncoding = 4; lastKnownFileType = sourcecode.swift; path = MoviesTableFooterView.swift; sourceTree = "<group>"; };
		8BDD15542B634080003677A7 /* MovieCellView.swift */ = {isa = PBXFileReference; fileEncoding = 4; lastKnownFileType = sourcecode.swift; path = MovieCellView.swift; sourceTree = "<group>"; };
		8BDD15552B634080003677A7 /* MovieTableViewCell.swift */ = {isa = PBXFileReference; fileEncoding = 4; lastKnownFileType = sourcecode.swift; path = MovieTableViewCell.swift; sourceTree = "<group>"; };
		8BDD15562B634080003677A7 /* MovieTableCoordinator.swift */ = {isa = PBXFileReference; fileEncoding = 4; lastKnownFileType = sourcecode.swift; path = MovieTableCoordinator.swift; sourceTree = "<group>"; };
		8BDD15582B634080003677A7 /* MovieDetailViewModel.swift */ = {isa = PBXFileReference; fileEncoding = 4; lastKnownFileType = sourcecode.swift; path = MovieDetailViewModel.swift; sourceTree = "<group>"; };
		8BDD15592B634080003677A7 /* MovieDetaiView.swift */ = {isa = PBXFileReference; fileEncoding = 4; lastKnownFileType = sourcecode.swift; path = MovieDetaiView.swift; sourceTree = "<group>"; };
		8BDD155B2B634080003677A7 /* MainCoordinator.swift */ = {isa = PBXFileReference; fileEncoding = 4; lastKnownFileType = sourcecode.swift; path = MainCoordinator.swift; sourceTree = "<group>"; };
		8BDD155D2B634080003677A7 /* OrdersViewController.swift */ = {isa = PBXFileReference; fileEncoding = 4; lastKnownFileType = sourcecode.swift; path = OrdersViewController.swift; sourceTree = "<group>"; };
		8BDD155E2B634080003677A7 /* OrdersCoordinator.swift */ = {isa = PBXFileReference; fileEncoding = 4; lastKnownFileType = sourcecode.swift; path = OrdersCoordinator.swift; sourceTree = "<group>"; };
		8BDD155F2B634080003677A7 /* Orders3ViewController.swift */ = {isa = PBXFileReference; fileEncoding = 4; lastKnownFileType = sourcecode.swift; path = Orders3ViewController.swift; sourceTree = "<group>"; };
		8BDD15602B634080003677A7 /* Orders2ViewController.swift */ = {isa = PBXFileReference; fileEncoding = 4; lastKnownFileType = sourcecode.swift; path = Orders2ViewController.swift; sourceTree = "<group>"; };
		8BDD15762B6340BD003677A7 /* PosterStyle.swift */ = {isa = PBXFileReference; fileEncoding = 4; lastKnownFileType = sourcecode.swift; path = PosterStyle.swift; sourceTree = "<group>"; };
		8BDD15792B6340BD003677A7 /* MoviePosterImageViewModel.swift */ = {isa = PBXFileReference; fileEncoding = 4; lastKnownFileType = sourcecode.swift; path = MoviePosterImageViewModel.swift; sourceTree = "<group>"; };
		8BDD157A2B6340BD003677A7 /* MoviePosterImage.swift */ = {isa = PBXFileReference; fileEncoding = 4; lastKnownFileType = sourcecode.swift; path = MoviePosterImage.swift; sourceTree = "<group>"; };
		8BDD157B2B6340BD003677A7 /* PopularityBadge.swift */ = {isa = PBXFileReference; fileEncoding = 4; lastKnownFileType = sourcecode.swift; path = PopularityBadge.swift; sourceTree = "<group>"; };
		8BDD15842B634B4A003677A7 /* MVVM_Coordinator_TemplateTests.xctest */ = {isa = PBXFileReference; explicitFileType = wrapper.cfbundle; includeInIndex = 0; path = MVVM_Coordinator_TemplateTests.xctest; sourceTree = BUILT_PRODUCTS_DIR; };
		8BDD15862B634B4A003677A7 /* MVVM_Coordinator_TemplateTests.swift */ = {isa = PBXFileReference; lastKnownFileType = sourcecode.swift; path = MVVM_Coordinator_TemplateTests.swift; sourceTree = "<group>"; };
		8BDD158D2B634B6B003677A7 /* MockNetworkService.swift */ = {isa = PBXFileReference; fileEncoding = 4; lastKnownFileType = sourcecode.swift; path = MockNetworkService.swift; sourceTree = "<group>"; };
/* End PBXFileReference section */

/* Begin PBXFrameworksBuildPhase section */
		8BDD14F22B633650003677A7 /* Frameworks */ = {
			isa = PBXFrameworksBuildPhase;
			buildActionMask = 2147483647;
			files = (
			);
			runOnlyForDeploymentPostprocessing = 0;
		};
		8BDD15812B634B4A003677A7 /* Frameworks */ = {
			isa = PBXFrameworksBuildPhase;
			buildActionMask = 2147483647;
			files = (
			);
			runOnlyForDeploymentPostprocessing = 0;
		};
/* End PBXFrameworksBuildPhase section */

/* Begin PBXGroup section */
		8BDD14EC2B633650003677A7 = {
			isa = PBXGroup;
			children = (
				8BDD14F72B633650003677A7 /* MVVM_Coordinator_Template */,
				8BDD15852B634B4A003677A7 /* MVVM_Coordinator_TemplateTests */,
				8BDD14F62B633650003677A7 /* Products */,
			);
			sourceTree = "<group>";
		};
		8BDD14F62B633650003677A7 /* Products */ = {
			isa = PBXGroup;
			children = (
				8BDD14F52B633650003677A7 /* MVVM_Coordinator_Template.app */,
				8BDD15842B634B4A003677A7 /* MVVM_Coordinator_TemplateTests.xctest */,
			);
			name = Products;
			sourceTree = "<group>";
		};
		8BDD14F72B633650003677A7 /* MVVM_Coordinator_Template */ = {
			isa = PBXGroup;
			children = (
				8BDD14F82B633650003677A7 /* AppDelegate.swift */,
				8BDD14FA2B633650003677A7 /* SceneDelegate.swift */,
				8BDD15142B6338E9003677A7 /* Configuration */,
				8BDD153A2B63401E003677A7 /* Coordinator */,
				8BDD150F2B63384A003677A7 /* Model */,
				8BDD15742B6340BD003677A7 /* ViewRelated */,
				8BDD15452B634080003677A7 /* ViewModules */,
				8BDD15352B633EE5003677A7 /* Extensions */,
				8BDD15192B633DA5003677A7 /* Network */,
				8BDD15042B633651003677A7 /* Assets.xcassets */,
				8BDD15062B633651003677A7 /* LaunchScreen.storyboard */,
				8BDD15092B633651003677A7 /* Info.plist */,
				8BDD15012B633650003677A7 /* MVVM_Coordinator_Template.xcdatamodeld */,
			);
			path = MVVM_Coordinator_Template;
			sourceTree = "<group>";
		};
		8BDD150F2B63384A003677A7 /* Model */ = {
			isa = PBXGroup;
			children = (
				8BDD15102B63387F003677A7 /* Movie.swift */,
				8BDD15122B6338BC003677A7 /* MovieDetail.swift */,
			);
			path = Model;
			sourceTree = "<group>";
		};
		8BDD15142B6338E9003677A7 /* Configuration */ = {
			isa = PBXGroup;
			children = (
				8BDD15152B633904003677A7 /* AppEnvironment.swift */,
				8BDD15172B633B2F003677A7 /* AppUserDefault.swift */,
			);
			path = Configuration;
			sourceTree = "<group>";
		};
		8BDD15192B633DA5003677A7 /* Network */ = {
			isa = PBXGroup;
			children = (
				8BDD151A2B633DA5003677A7 /* NetworkService */,
				8BDD15232B633DA5003677A7 /* EndPoint */,
			);
			path = Network;
			sourceTree = "<group>";
		};
		8BDD151A2B633DA5003677A7 /* NetworkService */ = {
			isa = PBXGroup;
			children = (
				8BDD151B2B633DA5003677A7 /* ParameterEncoder.swift */,
				8BDD151C2B633DA5003677A7 /* MTCache.swift */,
				8BDD151D2B633DA5003677A7 /* NetworkService.swift */,
				8BDD151E2B633DA5003677A7 /* Client */,
				8BDD15222B633DA5003677A7 /* MTError.swift */,
			);
			path = NetworkService;
			sourceTree = "<group>";
		};
		8BDD151E2B633DA5003677A7 /* Client */ = {
			isa = PBXGroup;
			children = (
				8BDD151F2B633DA5003677A7 /* MovieClient.swift */,
				8BDD15212B633DA5003677A7 /* ImageClient.swift */,
			);
			path = Client;
			sourceTree = "<group>";
		};
		8BDD15232B633DA5003677A7 /* EndPoint */ = {
			isa = PBXGroup;
			children = (
				8BDD15242B633DA5003677A7 /* MovieDetailEndPoint.swift */,
				8BDD15262B633DA5003677A7 /* ImageEndPoint.swift */,
				8BDD15272B633DA5003677A7 /* MovieListEndPoint.swift */,
				8BDD15282B633DA5003677A7 /* EndPointType.swift */,
			);
			path = EndPoint;
			sourceTree = "<group>";
		};
		8BDD15352B633EE5003677A7 /* Extensions */ = {
			isa = PBXGroup;
			children = (
				8BDD15362B633EE5003677A7 /* JSONDecoder.swift */,
				8BDD15372B633EE5003677A7 /* DateFormatter.swift */,
			);
			path = Extensions;
			sourceTree = "<group>";
		};
		8BDD153A2B63401E003677A7 /* Coordinator */ = {
			isa = PBXGroup;
			children = (
				8BDD153B2B63401E003677A7 /* Coordinating.swift */,
				8BDD153C2B63401E003677A7 /* CoordinatingResponder-Extensions.swift */,
				8BDD153D2B63401E003677A7 /* NavigationCoordinator.swift */,
				8BDD153E2B63401E003677A7 /* Coordinator.swift */,
				8BDD153F2B63401E003677A7 /* UIKit-CoordinatingExtensions.swift */,
			);
			path = Coordinator;
			sourceTree = "<group>";
		};
		8BDD15452B634080003677A7 /* ViewModules */ = {
			isa = PBXGroup;
			children = (
				8BDD15462B634080003677A7 /* Movie */,
				8BDD155A2B634080003677A7 /* MainCoordinator */,
				8BDD155C2B634080003677A7 /* Orders */,
			);
			path = ViewModules;
			sourceTree = "<group>";
		};
		8BDD15462B634080003677A7 /* Movie */ = {
			isa = PBXGroup;
			children = (
				8BDD15472B634080003677A7 /* MoviesCoordinator.swift */,
				8BDD15482B634080003677A7 /* MovieCollection */,
				8BDD154F2B634080003677A7 /* MovieTable */,
				8BDD15572B634080003677A7 /* Movie Detail */,
			);
			path = Movie;
			sourceTree = "<group>";
		};
		8BDD15482B634080003677A7 /* MovieCollection */ = {
			isa = PBXGroup;
			children = (
				8BDD15492B634080003677A7 /* MovieListViewModel.swift */,
				8BDD154A2B634080003677A7 /* MovieListViewController.swift */,
				8BDD154B2B634080003677A7 /* MovieListCell */,
			);
			path = MovieCollection;
			sourceTree = "<group>";
		};
		8BDD154B2B634080003677A7 /* MovieListCell */ = {
			isa = PBXGroup;
			children = (
				8BDD154E2B634080003677A7 /* MovieListCellViewModel.swift */,
				8BDD154C2B634080003677A7 /* MovieListFooterView.swift */,
				8BDD154D2B634080003677A7 /* MovieListCellView.swift */,
			);
			path = MovieListCell;
			sourceTree = "<group>";
		};
		8BDD154F2B634080003677A7 /* MovieTable */ = {
			isa = PBXGroup;
			children = (
				8BDD15502B634080003677A7 /* MovieTableViewModel.swift */,
				8BDD15512B634080003677A7 /* MovieTableViewController.swift */,
				8BDD15522B634080003677A7 /* MovieTableViewCell */,
				8BDD15562B634080003677A7 /* MovieTableCoordinator.swift */,
			);
			path = MovieTable;
			sourceTree = "<group>";
		};
		8BDD15522B634080003677A7 /* MovieTableViewCell */ = {
			isa = PBXGroup;
			children = (
				8BDD15532B634080003677A7 /* MoviesTableFooterView.swift */,
				8BDD15542B634080003677A7 /* MovieCellView.swift */,
				8BDD15552B634080003677A7 /* MovieTableViewCell.swift */,
			);
			path = MovieTableViewCell;
			sourceTree = "<group>";
		};
		8BDD15572B634080003677A7 /* Movie Detail */ = {
			isa = PBXGroup;
			children = (
				8BDD15582B634080003677A7 /* MovieDetailViewModel.swift */,
				8BDD15592B634080003677A7 /* MovieDetaiView.swift */,
			);
			path = "Movie Detail";
			sourceTree = "<group>";
		};
		8BDD155A2B634080003677A7 /* MainCoordinator */ = {
			isa = PBXGroup;
			children = (
				8BDD155B2B634080003677A7 /* MainCoordinator.swift */,
			);
			path = MainCoordinator;
			sourceTree = "<group>";
		};
		8BDD155C2B634080003677A7 /* Orders */ = {
			isa = PBXGroup;
			children = (
				8BDD155D2B634080003677A7 /* OrdersViewController.swift */,
				8BDD155E2B634080003677A7 /* OrdersCoordinator.swift */,
				8BDD155F2B634080003677A7 /* Orders3ViewController.swift */,
				8BDD15602B634080003677A7 /* Orders2ViewController.swift */,
			);
			path = Orders;
			sourceTree = "<group>";
		};
		8BDD15742B6340BD003677A7 /* ViewRelated */ = {
			isa = PBXGroup;
			children = (
				8BDD15772B6340BD003677A7 /* View */,
				8BDD15752B6340BD003677A7 /* Modifiers */,
			);
			path = ViewRelated;
			sourceTree = "<group>";
		};
		8BDD15752B6340BD003677A7 /* Modifiers */ = {
			isa = PBXGroup;
			children = (
				8BDD15762B6340BD003677A7 /* PosterStyle.swift */,
			);
			path = Modifiers;
			sourceTree = "<group>";
		};
		8BDD15772B6340BD003677A7 /* View */ = {
			isa = PBXGroup;
			children = (
				8BDD15782B6340BD003677A7 /* MoviePosterImage */,
				8BDD157B2B6340BD003677A7 /* PopularityBadge.swift */,
			);
			path = View;
			sourceTree = "<group>";
		};
		8BDD15782B6340BD003677A7 /* MoviePosterImage */ = {
			isa = PBXGroup;
			children = (
				8BDD15792B6340BD003677A7 /* MoviePosterImageViewModel.swift */,
				8BDD157A2B6340BD003677A7 /* MoviePosterImage.swift */,
			);
			path = MoviePosterImage;
			sourceTree = "<group>";
		};
		8BDD15852B634B4A003677A7 /* MVVM_Coordinator_TemplateTests */ = {
			isa = PBXGroup;
			children = (
				8BDD15862B634B4A003677A7 /* MVVM_Coordinator_TemplateTests.swift */,
				8BDD158D2B634B6B003677A7 /* MockNetworkService.swift */,
			);
			path = MVVM_Coordinator_TemplateTests;
			sourceTree = "<group>";
		};
/* End PBXGroup section */

/* Begin PBXNativeTarget section */
		8BDD14F42B633650003677A7 /* MVVM_Coordinator_Template */ = {
			isa = PBXNativeTarget;
			buildConfigurationList = 8BDD150C2B633651003677A7 /* Build configuration list for PBXNativeTarget "MVVM_Coordinator_Template" */;
			buildPhases = (
				8BDD14F12B633650003677A7 /* Sources */,
				8BDD14F22B633650003677A7 /* Frameworks */,
				8BDD14F32B633650003677A7 /* Resources */,
			);
			buildRules = (
			);
			dependencies = (
			);
			name = MVVM_Coordinator_Template;
			productName = MVVM_Coordinator_Template;
			productReference = 8BDD14F52B633650003677A7 /* MVVM_Coordinator_Template.app */;
			productType = "com.apple.product-type.application";
		};
		8BDD15832B634B4A003677A7 /* MVVM_Coordinator_TemplateTests */ = {
			isa = PBXNativeTarget;
			buildConfigurationList = 8BDD158A2B634B4A003677A7 /* Build configuration list for PBXNativeTarget "MVVM_Coordinator_TemplateTests" */;
			buildPhases = (
				8BDD15802B634B4A003677A7 /* Sources */,
				8BDD15812B634B4A003677A7 /* Frameworks */,
				8BDD15822B634B4A003677A7 /* Resources */,
			);
			buildRules = (
			);
			dependencies = (
				8BDD15892B634B4A003677A7 /* PBXTargetDependency */,
			);
			name = MVVM_Coordinator_TemplateTests;
			productName = MVVM_Coordinator_TemplateTests;
			productReference = 8BDD15842B634B4A003677A7 /* MVVM_Coordinator_TemplateTests.xctest */;
			productType = "com.apple.product-type.bundle.unit-test";
		};
/* End PBXNativeTarget section */

/* Begin PBXProject section */
		8BDD14ED2B633650003677A7 /* Project object */ = {
			isa = PBXProject;
			attributes = {
				BuildIndependentTargetsInParallel = 1;
				LastSwiftUpdateCheck = 1500;
				LastUpgradeCheck = 1500;
				TargetAttributes = {
					8BDD14F42B633650003677A7 = {
						CreatedOnToolsVersion = 15.0.1;
					};
					8BDD15832B634B4A003677A7 = {
						CreatedOnToolsVersion = 15.0.1;
						TestTargetID = 8BDD14F42B633650003677A7;
					};
				};
			};
			buildConfigurationList = 8BDD14F02B633650003677A7 /* Build configuration list for PBXProject "MVVM_Coordinator_Template" */;
			compatibilityVersion = "Xcode 14.0";
			developmentRegion = en;
			hasScannedForEncodings = 0;
			knownRegions = (
				en,
				Base,
			);
			mainGroup = 8BDD14EC2B633650003677A7;
			productRefGroup = 8BDD14F62B633650003677A7 /* Products */;
			projectDirPath = "";
			projectRoot = "";
			targets = (
				8BDD14F42B633650003677A7 /* MVVM_Coordinator_Template */,
				8BDD15832B634B4A003677A7 /* MVVM_Coordinator_TemplateTests */,
			);
		};
/* End PBXProject section */

/* Begin PBXResourcesBuildPhase section */
		8BDD14F32B633650003677A7 /* Resources */ = {
			isa = PBXResourcesBuildPhase;
			buildActionMask = 2147483647;
			files = (
				8BDD15082B633651003677A7 /* LaunchScreen.storyboard in Resources */,
				8BDD15052B633651003677A7 /* Assets.xcassets in Resources */,
			);
			runOnlyForDeploymentPostprocessing = 0;
		};
		8BDD15822B634B4A003677A7 /* Resources */ = {
			isa = PBXResourcesBuildPhase;
			buildActionMask = 2147483647;
			files = (
			);
			runOnlyForDeploymentPostprocessing = 0;
		};
/* End PBXResourcesBuildPhase section */

/* Begin PBXSourcesBuildPhase section */
		8BDD14F12B633650003677A7 /* Sources */ = {
			isa = PBXSourcesBuildPhase;
			buildActionMask = 2147483647;
			files = (
				8BDD15682B634080003677A7 /* MovieTableViewController.swift in Sources */,
				8BDD15322B633DA5003677A7 /* ImageEndPoint.swift in Sources */,
				8BDD152B2B633DA5003677A7 /* NetworkService.swift in Sources */,
				8BDD15402B63401E003677A7 /* Coordinating.swift in Sources */,
				8BDD15342B633DA5003677A7 /* EndPointType.swift in Sources */,
				8BDD15422B63401E003677A7 /* NavigationCoordinator.swift in Sources */,
				8BDD15622B634080003677A7 /* MovieListViewModel.swift in Sources */,
				8BDD156D2B634080003677A7 /* MovieDetailViewModel.swift in Sources */,
				8BDD15632B634080003677A7 /* MovieListViewController.swift in Sources */,
				8BDD152F2B633DA5003677A7 /* MTError.swift in Sources */,
				8BDD157F2B6340BD003677A7 /* PopularityBadge.swift in Sources */,
				8BDD156F2B634080003677A7 /* MainCoordinator.swift in Sources */,
				8BDD15412B63401E003677A7 /* CoordinatingResponder-Extensions.swift in Sources */,
				8BDD15662B634080003677A7 /* MovieListCellViewModel.swift in Sources */,
				8BDD156A2B634080003677A7 /* MovieCellView.swift in Sources */,
				8BDD15692B634080003677A7 /* MoviesTableFooterView.swift in Sources */,
				8BDD15722B634080003677A7 /* Orders3ViewController.swift in Sources */,
				8BDD15392B633EE5003677A7 /* DateFormatter.swift in Sources */,
				8BDD15302B633DA5003677A7 /* MovieDetailEndPoint.swift in Sources */,
				8BDD152C2B633DA5003677A7 /* MovieClient.swift in Sources */,
				8BDD15382B633EE5003677A7 /* JSONDecoder.swift in Sources */,
				8BDD14F92B633650003677A7 /* AppDelegate.swift in Sources */,
				8BDD15182B633B2F003677A7 /* AppUserDefault.swift in Sources */,
				8BDD15442B63401E003677A7 /* UIKit-CoordinatingExtensions.swift in Sources */,
				8BDD152A2B633DA5003677A7 /* MTCache.swift in Sources */,
				8BDD157D2B6340BD003677A7 /* MoviePosterImageViewModel.swift in Sources */,
				8BDD15292B633DA5003677A7 /* ParameterEncoder.swift in Sources */,
				8BDD15642B634080003677A7 /* MovieListFooterView.swift in Sources */,
				8BDD15032B633650003677A7 /* MVVM_Coordinator_Template.xcdatamodeld in Sources */,
				8BDD15132B6338BC003677A7 /* MovieDetail.swift in Sources */,
				8BDD15432B63401E003677A7 /* Coordinator.swift in Sources */,
				8BDD152E2B633DA5003677A7 /* ImageClient.swift in Sources */,
				8BDD15112B63387F003677A7 /* Movie.swift in Sources */,
				8BDD15672B634080003677A7 /* MovieTableViewModel.swift in Sources */,
				8BDD15332B633DA5003677A7 /* MovieListEndPoint.swift in Sources */,
				8BDD156B2B634080003677A7 /* MovieTableViewCell.swift in Sources */,
				8BDD14FB2B633650003677A7 /* SceneDelegate.swift in Sources */,
				8BDD15652B634080003677A7 /* MovieListCellView.swift in Sources */,
				8BDD15702B634080003677A7 /* OrdersViewController.swift in Sources */,
				8BDD15612B634080003677A7 /* MoviesCoordinator.swift in Sources */,
				8BDD157E2B6340BD003677A7 /* MoviePosterImage.swift in Sources */,
				8BDD156E2B634080003677A7 /* MovieDetaiView.swift in Sources */,
				8BDD156C2B634080003677A7 /* MovieTableCoordinator.swift in Sources */,
				8BDD15162B633904003677A7 /* AppEnvironment.swift in Sources */,
				8BDD15732B634080003677A7 /* Orders2ViewController.swift in Sources */,
				8BDD157C2B6340BD003677A7 /* PosterStyle.swift in Sources */,
				8BDD15712B634080003677A7 /* OrdersCoordinator.swift in Sources */,
			);
			runOnlyForDeploymentPostprocessing = 0;
		};
		8BDD15802B634B4A003677A7 /* Sources */ = {
			isa = PBXSourcesBuildPhase;
			buildActionMask = 2147483647;
			files = (
				8BDD158E2B634B6B003677A7 /* MockNetworkService.swift in Sources */,
				8BDD15872B634B4A003677A7 /* MVVM_Coordinator_TemplateTests.swift in Sources */,
			);
			runOnlyForDeploymentPostprocessing = 0;
		};
/* End PBXSourcesBuildPhase section */

/* Begin PBXTargetDependency section */
		8BDD15892B634B4A003677A7 /* PBXTargetDependency */ = {
			isa = PBXTargetDependency;
			target = 8BDD14F42B633650003677A7 /* MVVM_Coordinator_Template */;
			targetProxy = 8BDD15882B634B4A003677A7 /* PBXContainerItemProxy */;
		};
/* End PBXTargetDependency section */

/* Begin PBXVariantGroup section */
		8BDD15062B633651003677A7 /* LaunchScreen.storyboard */ = {
			isa = PBXVariantGroup;
			children = (
				8BDD15072B633651003677A7 /* Base */,
			);
			name = LaunchScreen.storyboard;
			sourceTree = "<group>";
		};
/* End PBXVariantGroup section */

/* Begin XCBuildConfiguration section */
		8BDD150A2B633651003677A7 /* Debug */ = {
			isa = XCBuildConfiguration;
			buildSettings = {
				ALWAYS_SEARCH_USER_PATHS = NO;
				ASSETCATALOG_COMPILER_GENERATE_SWIFT_ASSET_SYMBOL_EXTENSIONS = YES;
				CLANG_ANALYZER_NONNULL = YES;
				CLANG_ANALYZER_NUMBER_OBJECT_CONVERSION = YES_AGGRESSIVE;
				CLANG_CXX_LANGUAGE_STANDARD = "gnu++20";
				CLANG_ENABLE_MODULES = YES;
				CLANG_ENABLE_OBJC_ARC = YES;
				CLANG_ENABLE_OBJC_WEAK = YES;
				CLANG_WARN_BLOCK_CAPTURE_AUTORELEASING = YES;
				CLANG_WARN_BOOL_CONVERSION = YES;
				CLANG_WARN_COMMA = YES;
				CLANG_WARN_CONSTANT_CONVERSION = YES;
				CLANG_WARN_DEPRECATED_OBJC_IMPLEMENTATIONS = YES;
				CLANG_WARN_DIRECT_OBJC_ISA_USAGE = YES_ERROR;
				CLANG_WARN_DOCUMENTATION_COMMENTS = YES;
				CLANG_WARN_EMPTY_BODY = YES;
				CLANG_WARN_ENUM_CONVERSION = YES;
				CLANG_WARN_INFINITE_RECURSION = YES;
				CLANG_WARN_INT_CONVERSION = YES;
				CLANG_WARN_NON_LITERAL_NULL_CONVERSION = YES;
				CLANG_WARN_OBJC_IMPLICIT_RETAIN_SELF = YES;
				CLANG_WARN_OBJC_LITERAL_CONVERSION = YES;
				CLANG_WARN_OBJC_ROOT_CLASS = YES_ERROR;
				CLANG_WARN_QUOTED_INCLUDE_IN_FRAMEWORK_HEADER = YES;
				CLANG_WARN_RANGE_LOOP_ANALYSIS = YES;
				CLANG_WARN_STRICT_PROTOTYPES = YES;
				CLANG_WARN_SUSPICIOUS_MOVE = YES;
				CLANG_WARN_UNGUARDED_AVAILABILITY = YES_AGGRESSIVE;
				CLANG_WARN_UNREACHABLE_CODE = YES;
				CLANG_WARN__DUPLICATE_METHOD_MATCH = YES;
				COPY_PHASE_STRIP = NO;
				DEBUG_INFORMATION_FORMAT = dwarf;
				ENABLE_STRICT_OBJC_MSGSEND = YES;
				ENABLE_TESTABILITY = YES;
				ENABLE_USER_SCRIPT_SANDBOXING = YES;
				GCC_C_LANGUAGE_STANDARD = gnu17;
				GCC_DYNAMIC_NO_PIC = NO;
				GCC_NO_COMMON_BLOCKS = YES;
				GCC_OPTIMIZATION_LEVEL = 0;
				GCC_PREPROCESSOR_DEFINITIONS = (
					"DEBUG=1",
					"$(inherited)",
				);
				GCC_WARN_64_TO_32_BIT_CONVERSION = YES;
				GCC_WARN_ABOUT_RETURN_TYPE = YES_ERROR;
				GCC_WARN_UNDECLARED_SELECTOR = YES;
				GCC_WARN_UNINITIALIZED_AUTOS = YES_AGGRESSIVE;
				GCC_WARN_UNUSED_FUNCTION = YES;
				GCC_WARN_UNUSED_VARIABLE = YES;
				IPHONEOS_DEPLOYMENT_TARGET = 17.0;
				LOCALIZATION_PREFERS_STRING_CATALOGS = YES;
				MTL_ENABLE_DEBUG_INFO = INCLUDE_SOURCE;
				MTL_FAST_MATH = YES;
				ONLY_ACTIVE_ARCH = YES;
				SDKROOT = iphoneos;
				SWIFT_ACTIVE_COMPILATION_CONDITIONS = "DEBUG $(inherited)";
				SWIFT_OPTIMIZATION_LEVEL = "-Onone";
			};
			name = Debug;
		};
		8BDD150B2B633651003677A7 /* Release */ = {
			isa = XCBuildConfiguration;
			buildSettings = {
				ALWAYS_SEARCH_USER_PATHS = NO;
				ASSETCATALOG_COMPILER_GENERATE_SWIFT_ASSET_SYMBOL_EXTENSIONS = YES;
				CLANG_ANALYZER_NONNULL = YES;
				CLANG_ANALYZER_NUMBER_OBJECT_CONVERSION = YES_AGGRESSIVE;
				CLANG_CXX_LANGUAGE_STANDARD = "gnu++20";
				CLANG_ENABLE_MODULES = YES;
				CLANG_ENABLE_OBJC_ARC = YES;
				CLANG_ENABLE_OBJC_WEAK = YES;
				CLANG_WARN_BLOCK_CAPTURE_AUTORELEASING = YES;
				CLANG_WARN_BOOL_CONVERSION = YES;
				CLANG_WARN_COMMA = YES;
				CLANG_WARN_CONSTANT_CONVERSION = YES;
				CLANG_WARN_DEPRECATED_OBJC_IMPLEMENTATIONS = YES;
				CLANG_WARN_DIRECT_OBJC_ISA_USAGE = YES_ERROR;
				CLANG_WARN_DOCUMENTATION_COMMENTS = YES;
				CLANG_WARN_EMPTY_BODY = YES;
				CLANG_WARN_ENUM_CONVERSION = YES;
				CLANG_WARN_INFINITE_RECURSION = YES;
				CLANG_WARN_INT_CONVERSION = YES;
				CLANG_WARN_NON_LITERAL_NULL_CONVERSION = YES;
				CLANG_WARN_OBJC_IMPLICIT_RETAIN_SELF = YES;
				CLANG_WARN_OBJC_LITERAL_CONVERSION = YES;
				CLANG_WARN_OBJC_ROOT_CLASS = YES_ERROR;
				CLANG_WARN_QUOTED_INCLUDE_IN_FRAMEWORK_HEADER = YES;
				CLANG_WARN_RANGE_LOOP_ANALYSIS = YES;
				CLANG_WARN_STRICT_PROTOTYPES = YES;
				CLANG_WARN_SUSPICIOUS_MOVE = YES;
				CLANG_WARN_UNGUARDED_AVAILABILITY = YES_AGGRESSIVE;
				CLANG_WARN_UNREACHABLE_CODE = YES;
				CLANG_WARN__DUPLICATE_METHOD_MATCH = YES;
				COPY_PHASE_STRIP = NO;
				DEBUG_INFORMATION_FORMAT = "dwarf-with-dsym";
				ENABLE_NS_ASSERTIONS = NO;
				ENABLE_STRICT_OBJC_MSGSEND = YES;
				ENABLE_USER_SCRIPT_SANDBOXING = YES;
				GCC_C_LANGUAGE_STANDARD = gnu17;
				GCC_NO_COMMON_BLOCKS = YES;
				GCC_WARN_64_TO_32_BIT_CONVERSION = YES;
				GCC_WARN_ABOUT_RETURN_TYPE = YES_ERROR;
				GCC_WARN_UNDECLARED_SELECTOR = YES;
				GCC_WARN_UNINITIALIZED_AUTOS = YES_AGGRESSIVE;
				GCC_WARN_UNUSED_FUNCTION = YES;
				GCC_WARN_UNUSED_VARIABLE = YES;
				IPHONEOS_DEPLOYMENT_TARGET = 17.0;
				LOCALIZATION_PREFERS_STRING_CATALOGS = YES;
				MTL_ENABLE_DEBUG_INFO = NO;
				MTL_FAST_MATH = YES;
				SDKROOT = iphoneos;
				SWIFT_COMPILATION_MODE = wholemodule;
				VALIDATE_PRODUCT = YES;
			};
			name = Release;
		};
		8BDD150D2B633651003677A7 /* Debug */ = {
			isa = XCBuildConfiguration;
			buildSettings = {
				ASSETCATALOG_COMPILER_APPICON_NAME = AppIcon;
				ASSETCATALOG_COMPILER_GLOBAL_ACCENT_COLOR_NAME = AccentColor;
				CODE_SIGN_STYLE = Automatic;
				CURRENT_PROJECT_VERSION = 1;
				DEVELOPMENT_TEAM = F8HMNVCGRW;
				GENERATE_INFOPLIST_FILE = YES;
				INFOPLIST_FILE = MVVM_Coordinator_Template/Info.plist;
				INFOPLIST_KEY_UIApplicationSupportsIndirectInputEvents = YES;
				INFOPLIST_KEY_UILaunchStoryboardName = LaunchScreen;
				INFOPLIST_KEY_UIMainStoryboardFile = "";
				INFOPLIST_KEY_UISupportedInterfaceOrientations_iPad = "UIInterfaceOrientationPortrait UIInterfaceOrientationPortraitUpsideDown UIInterfaceOrientationLandscapeLeft UIInterfaceOrientationLandscapeRight";
				INFOPLIST_KEY_UISupportedInterfaceOrientations_iPhone = "UIInterfaceOrientationPortrait UIInterfaceOrientationLandscapeLeft UIInterfaceOrientationLandscapeRight";
				LD_RUNPATH_SEARCH_PATHS = (
					"$(inherited)",
					"@executable_path/Frameworks",
				);
				MARKETING_VERSION = 1.0;
				PRODUCT_BUNDLE_IDENTIFIER = "com.beauzhang.MVVM-Coordinator-Template";
				PRODUCT_NAME = "$(TARGET_NAME)";
				SWIFT_EMIT_LOC_STRINGS = YES;
				SWIFT_VERSION = 5.0;
				TARGETED_DEVICE_FAMILY = "1,2";
			};
			name = Debug;
		};
		8BDD150E2B633651003677A7 /* Release */ = {
			isa = XCBuildConfiguration;
			buildSettings = {
				ASSETCATALOG_COMPILER_APPICON_NAME = AppIcon;
				ASSETCATALOG_COMPILER_GLOBAL_ACCENT_COLOR_NAME = AccentColor;
				CODE_SIGN_STYLE = Automatic;
				CURRENT_PROJECT_VERSION = 1;
				DEVELOPMENT_TEAM = F8HMNVCGRW;
				GENERATE_INFOPLIST_FILE = YES;
				INFOPLIST_FILE = MVVM_Coordinator_Template/Info.plist;
				INFOPLIST_KEY_UIApplicationSupportsIndirectInputEvents = YES;
				INFOPLIST_KEY_UILaunchStoryboardName = LaunchScreen;
				INFOPLIST_KEY_UIMainStoryboardFile = "";
				INFOPLIST_KEY_UISupportedInterfaceOrientations_iPad = "UIInterfaceOrientationPortrait UIInterfaceOrientationPortraitUpsideDown UIInterfaceOrientationLandscapeLeft UIInterfaceOrientationLandscapeRight";
				INFOPLIST_KEY_UISupportedInterfaceOrientations_iPhone = "UIInterfaceOrientationPortrait UIInterfaceOrientationLandscapeLeft UIInterfaceOrientationLandscapeRight";
				LD_RUNPATH_SEARCH_PATHS = (
					"$(inherited)",
					"@executable_path/Frameworks",
				);
				MARKETING_VERSION = 1.0;
				PRODUCT_BUNDLE_IDENTIFIER = "com.beauzhang.MVVM-Coordinator-Template";
				PRODUCT_NAME = "$(TARGET_NAME)";
				SWIFT_EMIT_LOC_STRINGS = YES;
				SWIFT_VERSION = 5.0;
				TARGETED_DEVICE_FAMILY = "1,2";
			};
			name = Release;
		};
		8BDD158B2B634B4A003677A7 /* Debug */ = {
			isa = XCBuildConfiguration;
			buildSettings = {
				BUNDLE_LOADER = "$(TEST_HOST)";
				CODE_SIGN_STYLE = Automatic;
				CURRENT_PROJECT_VERSION = 1;
				GENERATE_INFOPLIST_FILE = YES;
				MARKETING_VERSION = 1.0;
				PRODUCT_BUNDLE_IDENTIFIER = "com.beauzhang.MVVM-Coordinator-TemplateTests";
				PRODUCT_NAME = "$(TARGET_NAME)";
				SWIFT_EMIT_LOC_STRINGS = NO;
				SWIFT_VERSION = 5.0;
				TARGETED_DEVICE_FAMILY = "1,2";
				TEST_HOST = "$(BUILT_PRODUCTS_DIR)/MVVM_Coordinator_Template.app/$(BUNDLE_EXECUTABLE_FOLDER_PATH)/MVVM_Coordinator_Template";
			};
			name = Debug;
		};
		8BDD158C2B634B4A003677A7 /* Release */ = {
			isa = XCBuildConfiguration;
			buildSettings = {
				BUNDLE_LOADER = "$(TEST_HOST)";
				CODE_SIGN_STYLE = Automatic;
				CURRENT_PROJECT_VERSION = 1;
				GENERATE_INFOPLIST_FILE = YES;
				MARKETING_VERSION = 1.0;
				PRODUCT_BUNDLE_IDENTIFIER = "com.beauzhang.MVVM-Coordinator-TemplateTests";
				PRODUCT_NAME = "$(TARGET_NAME)";
				SWIFT_EMIT_LOC_STRINGS = NO;
				SWIFT_VERSION = 5.0;
				TARGETED_DEVICE_FAMILY = "1,2";
				TEST_HOST = "$(BUILT_PRODUCTS_DIR)/MVVM_Coordinator_Template.app/$(BUNDLE_EXECUTABLE_FOLDER_PATH)/MVVM_Coordinator_Template";
			};
			name = Release;
		};
/* End XCBuildConfiguration section */

/* Begin XCConfigurationList section */
		8BDD14F02B633650003677A7 /* Build configuration list for PBXProject "MVVM_Coordinator_Template" */ = {
			isa = XCConfigurationList;
			buildConfigurations = (
				8BDD150A2B633651003677A7 /* Debug */,
				8BDD150B2B633651003677A7 /* Release */,
			);
			defaultConfigurationIsVisible = 0;
			defaultConfigurationName = Release;
		};
		8BDD150C2B633651003677A7 /* Build configuration list for PBXNativeTarget "MVVM_Coordinator_Template" */ = {
			isa = XCConfigurationList;
			buildConfigurations = (
				8BDD150D2B633651003677A7 /* Debug */,
				8BDD150E2B633651003677A7 /* Release */,
			);
			defaultConfigurationIsVisible = 0;
			defaultConfigurationName = Release;
		};
		8BDD158A2B634B4A003677A7 /* Build configuration list for PBXNativeTarget "MVVM_Coordinator_TemplateTests" */ = {
			isa = XCConfigurationList;
			buildConfigurations = (
				8BDD158B2B634B4A003677A7 /* Debug */,
				8BDD158C2B634B4A003677A7 /* Release */,
			);
			defaultConfigurationIsVisible = 0;
			defaultConfigurationName = Release;
		};
/* End XCConfigurationList section */

/* Begin XCVersionGroup section */
		8BDD15012B633650003677A7 /* MVVM_Coordinator_Template.xcdatamodeld */ = {
			isa = XCVersionGroup;
			children = (
				8BDD15022B633650003677A7 /* MVVM_Coordinator_Template.xcdatamodel */,
			);
			currentVersion = 8BDD15022B633650003677A7 /* MVVM_Coordinator_Template.xcdatamodel */;
			path = MVVM_Coordinator_Template.xcdatamodeld;
			sourceTree = "<group>";
			versionGroupType = wrapper.xcdatamodel;
		};
/* End XCVersionGroup section */
	};
	rootObject = 8BDD14ED2B633650003677A7 /* Project object */;
}
